# This file is automatically @generated by Cargo.
# It is not intended for manual editing.
version = 3

[[package]]
name = "chengyin-cli"
version = "0.1.0"
dependencies = [
 "chengyin-core",
]

[[package]]
name = "chengyin-core"
version = "0.1.0"

[[package]]
name = "chengyin-ffi"
version = "0.1.0"
dependencies = [
 "chengyin-core",
]
